# This file is automatically @generated by Cargo.
# It is not intended for manual editing.
version = 4

[[package]]
name = "liba"
version = "0.1.0"

[[package]]
name = "libb"
version = "0.1.0"
dependencies = [
 "liba",
]

[[package]]
name = "main"
version = "0.1.0"
dependencies = [
 "liba",
 "libb",
]
